
Microsoft Visual Studio Solution File, Format Version 12.00
# Visual Studio Version 17
VisualStudioVersion = 17.0.31919.166
MinimumVisualStudioVersion = 10.0.40219.1
Project("{FAE04EC0-301F-11D3-BF4B-00C04F79EFBC}") = "shorturl_zprice", "shorturl_zprice\shorturl_zprice.csproj", "{D7E1D2CE-2218-425B-BB03-59EF70100312}"
EndProject
Global
	GlobalSection(SolutionConfigurationPlatforms) = preSolution
		Debug|Any CPU = Debug|Any CPU
		Release|Any CPU = Release|Any CPU
	EndGlobalSection
	GlobalSection(ProjectConfigurationPlatforms) = postSolution
		{D7E1D2CE-2218-425B-BB03-59EF70100312}.Debug|Any CPU.ActiveCfg = Debug|Any CPU
		{D7E1D2CE-2218-425B-BB03-59EF70100312}.Debug|Any CPU.Build.0 = Debug|Any CPU
		{D7E1D2CE-2218-425B-BB03-59EF70100312}.Release|Any CPU.ActiveCfg = Release|Any CPU
		{D7E1D2CE-2218-425B-BB03-59EF70100312}.Release|Any CPU.Build.0 = Release|Any CPU
	EndGlobalSection
	GlobalSection(SolutionProperties) = preSolution
		HideSolutionNode = FALSE
	EndGlobalSection
	GlobalSection(ExtensibilityGlobals) = postSolution
		SolutionGuid = {DFA2A759-2C79-4231-9C4E-BB3C31D6E1D6}
	EndGlobalSection
EndGlobal
